
Microsoft Visual Studio Solution File, Format Version 12.00
# Visual Studio Version 17
VisualStudioVersion = 17.2.32519.379
MinimumVisualStudioVersion = 10.0.40219.1
Project("{FAE04EC0-301F-11D3-BF4B-00C04F79EFBC}") = "UserRegistrationTestAndRegex", "UserRegistrationTestAndRegex\UserRegistrationTestAndRegex.csproj", "{64CC9785-F8A5-41D6-A32A-534AF0B7963E}"
EndProject
Project("{FAE04EC0-301F-11D3-BF4B-00C04F79EFBC}") = "UserRegistrationTest", "UserRegistrationTest\UserRegistrationTest.csproj", "{B7734B2D-125E-4927-A7E7-E7E7B77F8FA0}"
EndProject
Global
	GlobalSection(SolutionConfigurationPlatforms) = preSolution
		Debug|Any CPU = Debug|Any CPU
		Release|Any CPU = Release|Any CPU
	EndGlobalSection
	GlobalSection(ProjectConfigurationPlatforms) = postSolution
		{64CC9785-F8A5-41D6-A32A-534AF0B7963E}.Debug|Any CPU.ActiveCfg = Debug|Any CPU
		{64CC9785-F8A5-41D6-A32A-534AF0B7963E}.Debug|Any CPU.Build.0 = Debug|Any CPU
		{64CC9785-F8A5-41D6-A32A-534AF0B7963E}.Release|Any CPU.ActiveCfg = Release|Any CPU
		{64CC9785-F8A5-41D6-A32A-534AF0B7963E}.Release|Any CPU.Build.0 = Release|Any CPU
		{B7734B2D-125E-4927-A7E7-E7E7B77F8FA0}.Debug|Any CPU.ActiveCfg = Debug|Any CPU
		{B7734B2D-125E-4927-A7E7-E7E7B77F8FA0}.Debug|Any CPU.Build.0 = Debug|Any CPU
		{B7734B2D-125E-4927-A7E7-E7E7B77F8FA0}.Release|Any CPU.ActiveCfg = Release|Any CPU
		{B7734B2D-125E-4927-A7E7-E7E7B77F8FA0}.Release|Any CPU.Build.0 = Release|Any CPU
	EndGlobalSection
	GlobalSection(SolutionProperties) = preSolution
		HideSolutionNode = FALSE
	EndGlobalSection
	GlobalSection(ExtensibilityGlobals) = postSolution
		SolutionGuid = {29D12CB7-6F46-422F-AE8B-630DC5C25603}
	EndGlobalSection
EndGlobal
